{
    "version": 3,
    "terraform_version": "0.9.2",
    "serial": 100,
    "lineage": "9956007f-84b0-4f2c-bd5f-4ed43b3b39bf",
    "modules": [
        {
            "path": [
                "root"
            ],
            "outputs": {
                "server_address": {
                    "sensitive": false,
                    "type": "string",
                    "value": "ec2-52-64-2-198.ap-southeast-2.compute.amazonaws.com"
                }
            },
            "resources": {
                "aws_instance.consul_server.0": {
                    "type": "aws_instance",
                    "depends_on": [
                        "aws_key_pair.deployer",
                        "aws_security_group.instance"
                    ],
                    "primary": {
                        "id": "i-0adb96499871f9e38",
                        "attributes": {
                            "ami": "ami-2a737a49",
                            "associate_public_ip_address": "true",
                            "availability_zone": "ap-southeast-2a",
                            "disable_api_termination": "false",
                            "ebs_block_device.#": "0",
                            "ebs_optimized": "false",
                            "ephemeral_block_device.#": "0",
                            "iam_instance_profile": "",
                            "id": "i-0adb96499871f9e38",
                            "instance_state": "running",
                            "instance_type": "t2.micro",
                            "ipv6_address_count": "0",
                            "ipv6_addresses.#": "0",
                            "key_name": "deployer-key",
                            "monitoring": "false",
                            "network_interface_id": "eni-e1199cac",
                            "private_dns": "ip-172-31-35-69.ap-southeast-2.compute.internal",
                            "private_ip": "172.31.35.69",
                            "public_dns": "ec2-52-64-2-198.ap-southeast-2.compute.amazonaws.com",
                            "public_ip": "52.64.2.198",
                            "root_block_device.#": "1",
                            "root_block_device.0.delete_on_termination": "true",
                            "root_block_device.0.iops": "0",
                            "root_block_device.0.volume_size": "10",
                            "root_block_device.0.volume_type": "standard",
                            "security_groups.#": "1",
                            "security_groups.3883220434": "terraform-instance",
                            "source_dest_check": "true",
                            "subnet_id": "subnet-f08ce786",
                            "tags.%": "3",
                            "tags.Environment": "production",
                            "tags.Name": "consul-node-1",
                            "tags.Role": "consul",
                            "tenancy": "default",
                            "vpc_security_group_ids.#": "0"
                        },
                        "meta": {
                            "schema_version": "1"
                        },
                        "tainted": false
                    },
                    "deposed": [],
                    "provider": ""
                },
                "aws_instance.consul_server.1": {
                    "type": "aws_instance",
                    "depends_on": [
                        "aws_instance.consul_server.0",
                        "aws_key_pair.deployer",
                        "aws_security_group.instance"
                    ],
                    "primary": {
                        "id": "i-003bca1bb66339f4a",
                        "attributes": {
                            "ami": "ami-2a737a49",
                            "associate_public_ip_address": "true",
                            "availability_zone": "ap-southeast-2b",
                            "disable_api_termination": "false",
                            "ebs_block_device.#": "0",
                            "ebs_optimized": "false",
                            "ephemeral_block_device.#": "0",
                            "iam_instance_profile": "",
                            "id": "i-003bca1bb66339f4a",
                            "instance_state": "running",
                            "instance_type": "t2.micro",
                            "ipv6_address_count": "0",
                            "ipv6_addresses.#": "0",
                            "key_name": "deployer-key",
                            "monitoring": "false",
                            "network_interface_id": "eni-9c605ae7",
                            "private_dns": "ip-172-31-10-70.ap-southeast-2.compute.internal",
                            "private_ip": "172.31.10.70",
                            "public_dns": "ec2-52-62-132-163.ap-southeast-2.compute.amazonaws.com",
                            "public_ip": "52.62.132.163",
                            "root_block_device.#": "1",
                            "root_block_device.0.delete_on_termination": "true",
                            "root_block_device.0.iops": "0",
                            "root_block_device.0.volume_size": "10",
                            "root_block_device.0.volume_type": "standard",
                            "security_groups.#": "1",
                            "security_groups.3883220434": "terraform-instance",
                            "source_dest_check": "true",
                            "subnet_id": "subnet-b8cb8ddc",
                            "tags.%": "3",
                            "tags.Environment": "production",
                            "tags.Name": "consul-node-2",
                            "tags.Role": "consul",
                            "tenancy": "default",
                            "vpc_security_group_ids.#": "0"
                        },
                        "meta": {
                            "schema_version": "1"
                        },
                        "tainted": false
                    },
                    "deposed": [],
                    "provider": ""
                },
                "aws_instance.consul_server.2": {
                    "type": "aws_instance",
                    "depends_on": [
                        "aws_instance.consul_server.0",
                        "aws_key_pair.deployer",
                        "aws_security_group.instance"
                    ],
                    "primary": {
                        "id": "i-0a55579f6c42269b0",
                        "attributes": {
                            "ami": "ami-2a737a49",
                            "associate_public_ip_address": "true",
                            "availability_zone": "ap-southeast-2a",
                            "disable_api_termination": "false",
                            "ebs_block_device.#": "0",
                            "ebs_optimized": "false",
                            "ephemeral_block_device.#": "0",
                            "iam_instance_profile": "",
                            "id": "i-0a55579f6c42269b0",
                            "instance_state": "running",
                            "instance_type": "t2.micro",
                            "ipv6_address_count": "0",
                            "ipv6_addresses.#": "0",
                            "key_name": "deployer-key",
                            "monitoring": "false",
                            "network_interface_id": "eni-b71b9efa",
                            "private_dns": "ip-172-31-41-183.ap-southeast-2.compute.internal",
                            "private_ip": "172.31.41.183",
                            "public_dns": "ec2-52-62-128-80.ap-southeast-2.compute.amazonaws.com",
                            "public_ip": "52.62.128.80",
                            "root_block_device.#": "1",
                            "root_block_device.0.delete_on_termination": "true",
                            "root_block_device.0.iops": "0",
                            "root_block_device.0.volume_size": "10",
                            "root_block_device.0.volume_type": "standard",
                            "security_groups.#": "1",
                            "security_groups.3883220434": "terraform-instance",
                            "source_dest_check": "true",
                            "subnet_id": "subnet-f08ce786",
                            "tags.%": "3",
                            "tags.Environment": "production",
                            "tags.Name": "consul-node-3",
                            "tags.Role": "consul",
                            "tenancy": "default",
                            "vpc_security_group_ids.#": "0"
                        },
                        "meta": {
                            "schema_version": "1"
                        },
                        "tainted": false
                    },
                    "deposed": [],
                    "provider": ""
                },
                "aws_instance.consul_server.3": {
                    "type": "aws_instance",
                    "depends_on": [
                        "aws_instance.consul_server.0",
                        "aws_key_pair.deployer",
                        "aws_security_group.instance"
                    ],
                    "primary": {
                        "id": "i-0eee81c7e37fb0347",
                        "attributes": {
                            "ami": "ami-2a737a49",
                            "associate_public_ip_address": "true",
                            "availability_zone": "ap-southeast-2b",
                            "disable_api_termination": "false",
                            "ebs_block_device.#": "0",
                            "ebs_optimized": "false",
                            "ephemeral_block_device.#": "0",
                            "iam_instance_profile": "",
                            "id": "i-0eee81c7e37fb0347",
                            "instance_state": "running",
                            "instance_type": "t2.micro",
                            "ipv6_address_count": "0",
                            "ipv6_addresses.#": "0",
                            "key_name": "deployer-key",
                            "monitoring": "false",
                            "network_interface_id": "eni-93605ae8",
                            "private_dns": "ip-172-31-5-105.ap-southeast-2.compute.internal",
                            "private_ip": "172.31.5.105",
                            "public_dns": "ec2-52-62-222-204.ap-southeast-2.compute.amazonaws.com",
                            "public_ip": "52.62.222.204",
                            "root_block_device.#": "1",
                            "root_block_device.0.delete_on_termination": "true",
                            "root_block_device.0.iops": "0",
                            "root_block_device.0.volume_size": "10",
                            "root_block_device.0.volume_type": "standard",
                            "security_groups.#": "1",
                            "security_groups.3883220434": "terraform-instance",
                            "source_dest_check": "true",
                            "subnet_id": "subnet-b8cb8ddc",
                            "tags.%": "3",
                            "tags.Environment": "production",
                            "tags.Name": "consul-node-4",
                            "tags.Role": "consul",
                            "tenancy": "default",
                            "vpc_security_group_ids.#": "0"
                        },
                        "meta": {
                            "schema_version": "1"
                        },
                        "tainted": false
                    },
                    "deposed": [],
                    "provider": ""
                },
                "aws_instance.consul_server.4": {
                    "type": "aws_instance",
                    "depends_on": [
                        "aws_instance.consul_server.0",
                        "aws_key_pair.deployer",
                        "aws_security_group.instance"
                    ],
                    "primary": {
                        "id": "i-015667bbb9832c827",
                        "attributes": {
                            "ami": "ami-2a737a49",
                            "associate_public_ip_address": "true",
                            "availability_zone": "ap-southeast-2a",
                            "disable_api_termination": "false",
                            "ebs_block_device.#": "0",
                            "ebs_optimized": "false",
                            "ephemeral_block_device.#": "0",
                            "iam_instance_profile": "",
                            "id": "i-015667bbb9832c827",
                            "instance_state": "running",
                            "instance_type": "t2.micro",
                            "ipv6_address_count": "0",
                            "ipv6_addresses.#": "0",
                            "key_name": "deployer-key",
                            "monitoring": "false",
                            "network_interface_id": "eni-24189d69",
                            "private_dns": "ip-172-31-35-105.ap-southeast-2.compute.internal",
                            "private_ip": "172.31.35.105",
                            "public_dns": "ec2-52-62-80-250.ap-southeast-2.compute.amazonaws.com",
                            "public_ip": "52.62.80.250",
                            "root_block_device.#": "1",
                            "root_block_device.0.delete_on_termination": "true",
                            "root_block_device.0.iops": "0",
                            "root_block_device.0.volume_size": "10",
                            "root_block_device.0.volume_type": "standard",
                            "security_groups.#": "1",
                            "security_groups.3883220434": "terraform-instance",
                            "source_dest_check": "true",
                            "subnet_id": "subnet-f08ce786",
                            "tags.%": "3",
                            "tags.Environment": "production",
                            "tags.Name": "consul-node-5",
                            "tags.Role": "consul",
                            "tenancy": "default",
                            "vpc_security_group_ids.#": "0"
                        },
                        "meta": {
                            "schema_version": "1"
                        },
                        "tainted": false
                    },
                    "deposed": [],
                    "provider": ""
                },
                "aws_key_pair.deployer": {
                    "type": "aws_key_pair",
                    "depends_on": [],
                    "primary": {
                        "id": "deployer-key",
                        "attributes": {
                            "id": "deployer-key",
                            "key_name": "deployer-key",
                            "public_key": "ssh-rsa AAAAB3NzaC1yc2EAAAADAQABAAABAQDKxwET3O7EE3YjafW4zh077WZ/CMvb6+1Zo6A5rsSZS12yAafGFjvqilAgXlSAtt/z74IWFnfgx4ODyqgGfU9udKDX+Zi99PnEd8JHgfT1PZdJbJnrg5yRy4bj+Op1QB6WIHoLWhCwGbCc0wSEgWMPoHx8I4xvMDJB6mrX5Trbdp/EI6OB0GMN+2yBqJyiMoZrmjNh9dAZzrHjDJXKWH7hK9EtHpUwAQaF+UBdwDu2Rb9OKeiIWNXAxlJM/n9I6BjXBR+aXEzgBDvLghXaVZYoO7kq/reBvvClKrw1FohkoOPm4AUAKnYQpBfoIKQ1kxsbcTG6hq3k7sl12Tc1GT1B nedshawa@zsoprano.local"
                        },
                        "meta": {
                            "schema_version": "1"
                        },
                        "tainted": false
                    },
                    "deposed": [],
                    "provider": ""
                },
                "aws_security_group.instance": {
                    "type": "aws_security_group",
                    "depends_on": [],
                    "primary": {
                        "id": "sg-24452e43",
                        "attributes": {
                            "description": "Managed by Terraform",
                            "egress.#": "1",
                            "egress.482069346.cidr_blocks.#": "1",
                            "egress.482069346.cidr_blocks.0": "0.0.0.0/0",
                            "egress.482069346.from_port": "0",
                            "egress.482069346.ipv6_cidr_blocks.#": "0",
                            "egress.482069346.prefix_list_ids.#": "0",
                            "egress.482069346.protocol": "-1",
                            "egress.482069346.security_groups.#": "0",
                            "egress.482069346.self": "false",
                            "egress.482069346.to_port": "0",
                            "id": "sg-24452e43",
                            "ingress.#": "9",
                            "ingress.2214680975.cidr_blocks.#": "1",
                            "ingress.2214680975.cidr_blocks.0": "0.0.0.0/0",
                            "ingress.2214680975.from_port": "80",
                            "ingress.2214680975.ipv6_cidr_blocks.#": "0",
                            "ingress.2214680975.protocol": "tcp",
                            "ingress.2214680975.security_groups.#": "0",
                            "ingress.2214680975.self": "false",
                            "ingress.2214680975.to_port": "80",
                            "ingress.2541437006.cidr_blocks.#": "1",
                            "ingress.2541437006.cidr_blocks.0": "0.0.0.0/0",
                            "ingress.2541437006.from_port": "22",
                            "ingress.2541437006.ipv6_cidr_blocks.#": "0",
                            "ingress.2541437006.protocol": "tcp",
                            "ingress.2541437006.security_groups.#": "0",
                            "ingress.2541437006.self": "false",
                            "ingress.2541437006.to_port": "22",
                            "ingress.3230963025.cidr_blocks.#": "1",
                            "ingress.3230963025.cidr_blocks.0": "0.0.0.0/0",
                            "ingress.3230963025.from_port": "8300",
                            "ingress.3230963025.ipv6_cidr_blocks.#": "0",
                            "ingress.3230963025.protocol": "tcp",
                            "ingress.3230963025.security_groups.#": "0",
                            "ingress.3230963025.self": "false",
                            "ingress.3230963025.to_port": "8302",
                            "ingress.3482902040.cidr_blocks.#": "1",
                            "ingress.3482902040.cidr_blocks.0": "0.0.0.0/0",
                            "ingress.3482902040.from_port": "8500",
                            "ingress.3482902040.ipv6_cidr_blocks.#": "0",
                            "ingress.3482902040.protocol": "tcp",
                            "ingress.3482902040.security_groups.#": "0",
                            "ingress.3482902040.self": "false",
                            "ingress.3482902040.to_port": "8500",
                            "ingress.4023199068.cidr_blocks.#": "1",
                            "ingress.4023199068.cidr_blocks.0": "0.0.0.0/0",
                            "ingress.4023199068.from_port": "8300",
                            "ingress.4023199068.ipv6_cidr_blocks.#": "0",
                            "ingress.4023199068.protocol": "udp",
                            "ingress.4023199068.security_groups.#": "0",
                            "ingress.4023199068.self": "false",
                            "ingress.4023199068.to_port": "8302",
                            "ingress.500673617.cidr_blocks.#": "1",
                            "ingress.500673617.cidr_blocks.0": "0.0.0.0/0",
                            "ingress.500673617.from_port": "8600",
                            "ingress.500673617.ipv6_cidr_blocks.#": "0",
                            "ingress.500673617.protocol": "udp",
                            "ingress.500673617.security_groups.#": "0",
                            "ingress.500673617.self": "false",
                            "ingress.500673617.to_port": "8600",
                            "ingress.516175195.cidr_blocks.#": "1",
                            "ingress.516175195.cidr_blocks.0": "0.0.0.0/0",
                            "ingress.516175195.from_port": "8080",
                            "ingress.516175195.ipv6_cidr_blocks.#": "0",
                            "ingress.516175195.protocol": "tcp",
                            "ingress.516175195.security_groups.#": "0",
                            "ingress.516175195.self": "false",
                            "ingress.516175195.to_port": "8080",
                            "ingress.767189531.cidr_blocks.#": "1",
                            "ingress.767189531.cidr_blocks.0": "0.0.0.0/0",
                            "ingress.767189531.from_port": "8400",
                            "ingress.767189531.ipv6_cidr_blocks.#": "0",
                            "ingress.767189531.protocol": "tcp",
                            "ingress.767189531.security_groups.#": "0",
                            "ingress.767189531.self": "false",
                            "ingress.767189531.to_port": "8400",
                            "ingress.848174172.cidr_blocks.#": "1",
                            "ingress.848174172.cidr_blocks.0": "0.0.0.0/0",
                            "ingress.848174172.from_port": "8600",
                            "ingress.848174172.ipv6_cidr_blocks.#": "0",
                            "ingress.848174172.protocol": "tcp",
                            "ingress.848174172.security_groups.#": "0",
                            "ingress.848174172.self": "false",
                            "ingress.848174172.to_port": "8600",
                            "name": "terraform-instance",
                            "owner_id": "662651409648",
                            "tags.%": "0",
                            "vpc_id": "vpc-2d66dc49"
                        },
                        "meta": {},
                        "tainted": false
                    },
                    "deposed": [],
                    "provider": ""
                }
            },
            "depends_on": []
        }
    ]
}
