{
    "version": 3,
    "terraform_version": "0.9.2",
    "serial": 31,
    "lineage": "9956007f-84b0-4f2c-bd5f-4ed43b3b39bf",
    "modules": [
        {
            "path": [
                "root"
            ],
            "outputs": {
                "elb_dns_name": {
                    "sensitive": false,
                    "type": "string",
                    "value": "terraform-elb-363839200.ap-southeast-2.elb.amazonaws.com"
                }
            },
            "resources": {
                "aws_autoscaling_group.asg": {
                    "type": "aws_autoscaling_group",
                    "depends_on": [
                        "aws_elb.elb",
                        "aws_launch_configuration.project",
                        "data.aws_availability_zones.all"
                    ],
                    "primary": {
                        "id": "tf-asg-0082a6d0205a9cbe47dc681d86",
                        "attributes": {
                            "arn": "arn:aws:autoscaling:ap-southeast-2:662651409648:autoScalingGroup:8589e0dd-7339-403e-b488-033dc4ceb92b:autoScalingGroupName/tf-asg-0082a6d0205a9cbe47dc681d86",
                            "availability_zones.#": "3",
                            "availability_zones.1436938394": "ap-southeast-2c",
                            "availability_zones.3148583350": "ap-southeast-2a",
                            "availability_zones.581091340": "ap-southeast-2b",
                            "default_cooldown": "300",
                            "desired_capacity": "2",
                            "force_delete": "false",
                            "health_check_grace_period": "300",
                            "health_check_type": "ELB",
                            "id": "tf-asg-0082a6d0205a9cbe47dc681d86",
                            "launch_configuration": "terraform-0082a6d0205a9cbe47dc681d85",
                            "load_balancers.#": "1",
                            "load_balancers.3768627209": "terraform-elb",
                            "max_size": "10",
                            "metrics_granularity": "1Minute",
                            "min_size": "2",
                            "name": "tf-asg-0082a6d0205a9cbe47dc681d86",
                            "placement_group": "",
                            "protect_from_scale_in": "false",
                            "suspended_processes.#": "0",
                            "tag.#": "1",
                            "tag.3794832428.key": "Name",
                            "tag.3794832428.propagate_at_launch": "true",
                            "tag.3794832428.value": "terraform-asg",
                            "target_group_arns.#": "0",
                            "termination_policies.#": "0",
                            "vpc_zone_identifier.#": "1",
                            "vpc_zone_identifier.0": "",
                            "wait_for_capacity_timeout": "10m"
                        },
                        "meta": {},
                        "tainted": false
                    },
                    "deposed": [],
                    "provider": ""
                },
                "aws_elb.elb": {
                    "type": "aws_elb",
                    "depends_on": [
                        "aws_security_group.elb",
                        "data.aws_availability_zones.all"
                    ],
                    "primary": {
                        "id": "terraform-elb",
                        "attributes": {
                            "access_logs.#": "0",
                            "availability_zones.#": "3",
                            "availability_zones.1436938394": "ap-southeast-2c",
                            "availability_zones.3148583350": "ap-southeast-2a",
                            "availability_zones.581091340": "ap-southeast-2b",
                            "connection_draining": "false",
                            "connection_draining_timeout": "300",
                            "cross_zone_load_balancing": "true",
                            "dns_name": "terraform-elb-363839200.ap-southeast-2.elb.amazonaws.com",
                            "health_check.#": "1",
                            "health_check.0.healthy_threshold": "2",
                            "health_check.0.interval": "30",
                            "health_check.0.target": "HTTP:80/",
                            "health_check.0.timeout": "3",
                            "health_check.0.unhealthy_threshold": "2",
                            "id": "terraform-elb",
                            "idle_timeout": "60",
                            "instances.#": "0",
                            "internal": "false",
                            "listener.#": "1",
                            "listener.3931999347.instance_port": "8080",
                            "listener.3931999347.instance_protocol": "http",
                            "listener.3931999347.lb_port": "80",
                            "listener.3931999347.lb_protocol": "http",
                            "listener.3931999347.ssl_certificate_id": "",
                            "name": "terraform-elb",
                            "security_groups.#": "1",
                            "security_groups.3335625298": "sg-3eadc459",
                            "source_security_group": "662651409648/terraform-elb",
                            "source_security_group_id": "sg-3eadc459",
                            "subnets.#": "3",
                            "subnets.1742142636": "subnet-b8cb8ddc",
                            "subnets.3519585536": "subnet-f08ce786",
                            "subnets.432312846": "subnet-be60e7e7",
                            "tags.%": "0",
                            "zone_id": "Z1GM3OXH4ZPM65"
                        },
                        "meta": {},
                        "tainted": false
                    },
                    "deposed": [],
                    "provider": ""
                },
                "aws_key_pair.deployer": {
                    "type": "aws_key_pair",
                    "depends_on": [],
                    "primary": {
                        "id": "deployer-key",
                        "attributes": {
                            "id": "deployer-key",
                            "key_name": "deployer-key",
                            "public_key": "ssh-rsa AAAAB3NzaC1yc2EAAAADAQABAAABAQDKxwET3O7EE3YjafW4zh077WZ/CMvb6+1Zo6A5rsSZS12yAafGFjvqilAgXlSAtt/z74IWFnfgx4ODyqgGfU9udKDX+Zi99PnEd8JHgfT1PZdJbJnrg5yRy4bj+Op1QB6WIHoLWhCwGbCc0wSEgWMPoHx8I4xvMDJB6mrX5Trbdp/EI6OB0GMN+2yBqJyiMoZrmjNh9dAZzrHjDJXKWH7hK9EtHpUwAQaF+UBdwDu2Rb9OKeiIWNXAxlJM/n9I6BjXBR+aXEzgBDvLghXaVZYoO7kq/reBvvClKrw1FohkoOPm4AUAKnYQpBfoIKQ1kxsbcTG6hq3k7sl12Tc1GT1B nedshawa@zsoprano.local"
                        },
                        "meta": {
                            "schema_version": "1"
                        },
                        "tainted": false
                    },
                    "deposed": [],
                    "provider": ""
                },
                "aws_launch_configuration.project": {
                    "type": "aws_launch_configuration",
                    "depends_on": [
                        "aws_key_pair.deployer",
                        "aws_security_group.instance"
                    ],
                    "primary": {
                        "id": "terraform-0082a6d0205a9cbe47dc681d85",
                        "attributes": {
                            "associate_public_ip_address": "false",
                            "ebs_block_device.#": "0",
                            "ebs_optimized": "false",
                            "enable_monitoring": "true",
                            "ephemeral_block_device.#": "0",
                            "iam_instance_profile": "",
                            "id": "terraform-0082a6d0205a9cbe47dc681d85",
                            "image_id": "ami-677c7504",
                            "instance_type": "t2.micro",
                            "key_name": "deployer-key",
                            "name": "terraform-0082a6d0205a9cbe47dc681d85",
                            "root_block_device.#": "0",
                            "security_groups.#": "1",
                            "security_groups.2800470545": "sg-f6aac391",
                            "spot_price": "",
                            "vpc_classic_link_id": "",
                            "vpc_classic_link_security_groups.#": "0"
                        },
                        "meta": {},
                        "tainted": false
                    },
                    "deposed": [],
                    "provider": ""
                },
                "aws_security_group.elb": {
                    "type": "aws_security_group",
                    "depends_on": [],
                    "primary": {
                        "id": "sg-3eadc459",
                        "attributes": {
                            "description": "Managed by Terraform",
                            "egress.#": "1",
                            "egress.482069346.cidr_blocks.#": "1",
                            "egress.482069346.cidr_blocks.0": "0.0.0.0/0",
                            "egress.482069346.from_port": "0",
                            "egress.482069346.ipv6_cidr_blocks.#": "0",
                            "egress.482069346.prefix_list_ids.#": "0",
                            "egress.482069346.protocol": "-1",
                            "egress.482069346.security_groups.#": "0",
                            "egress.482069346.self": "false",
                            "egress.482069346.to_port": "0",
                            "id": "sg-3eadc459",
                            "ingress.#": "1",
                            "ingress.2214680975.cidr_blocks.#": "1",
                            "ingress.2214680975.cidr_blocks.0": "0.0.0.0/0",
                            "ingress.2214680975.from_port": "80",
                            "ingress.2214680975.ipv6_cidr_blocks.#": "0",
                            "ingress.2214680975.protocol": "tcp",
                            "ingress.2214680975.security_groups.#": "0",
                            "ingress.2214680975.self": "false",
                            "ingress.2214680975.to_port": "80",
                            "name": "terraform-elb",
                            "owner_id": "662651409648",
                            "tags.%": "0",
                            "vpc_id": "vpc-2d66dc49"
                        },
                        "meta": {},
                        "tainted": false
                    },
                    "deposed": [],
                    "provider": ""
                },
                "aws_security_group.instance": {
                    "type": "aws_security_group",
                    "depends_on": [],
                    "primary": {
                        "id": "sg-f6aac391",
                        "attributes": {
                            "description": "Managed by Terraform",
                            "egress.#": "0",
                            "id": "sg-f6aac391",
                            "ingress.#": "2",
                            "ingress.2541437006.cidr_blocks.#": "1",
                            "ingress.2541437006.cidr_blocks.0": "0.0.0.0/0",
                            "ingress.2541437006.from_port": "22",
                            "ingress.2541437006.ipv6_cidr_blocks.#": "0",
                            "ingress.2541437006.protocol": "tcp",
                            "ingress.2541437006.security_groups.#": "0",
                            "ingress.2541437006.self": "false",
                            "ingress.2541437006.to_port": "22",
                            "ingress.516175195.cidr_blocks.#": "1",
                            "ingress.516175195.cidr_blocks.0": "0.0.0.0/0",
                            "ingress.516175195.from_port": "8080",
                            "ingress.516175195.ipv6_cidr_blocks.#": "0",
                            "ingress.516175195.protocol": "tcp",
                            "ingress.516175195.security_groups.#": "0",
                            "ingress.516175195.self": "false",
                            "ingress.516175195.to_port": "8080",
                            "name": "terraform-instance",
                            "owner_id": "662651409648",
                            "tags.%": "0",
                            "vpc_id": "vpc-2d66dc49"
                        },
                        "meta": {},
                        "tainted": false
                    },
                    "deposed": [],
                    "provider": ""
                },
                "data.aws_availability_zones.all": {
                    "type": "aws_availability_zones",
                    "depends_on": [],
                    "primary": {
                        "id": "2017-04-15 06:17:39.499477958 +0000 UTC",
                        "attributes": {
                            "id": "2017-04-15 06:17:39.499477958 +0000 UTC",
                            "names.#": "3",
                            "names.0": "ap-southeast-2a",
                            "names.1": "ap-southeast-2b",
                            "names.2": "ap-southeast-2c"
                        },
                        "meta": {},
                        "tainted": false
                    },
                    "deposed": [],
                    "provider": ""
                }
            },
            "depends_on": []
        }
    ]
}
